
Microsoft Visual Studio Solution File, Format Version 12.00
# Visual Studio Version 16
VisualStudioVersion = 16.0.30907.101
MinimumVisualStudioVersion = 10.0.40219.1
Project("{9A19103F-16F7-4668-BE54-9A1E7A4F7556}") = "DataAccess", "DataAccess\DataAccess.csproj", "{981CD0B1-E3E8-4CC0-9F10-62B16A03B05C}"
EndProject
Project("{9A19103F-16F7-4668-BE54-9A1E7A4F7556}") = "Businness", "Businness\Businness.csproj", "{F0C97E11-17B6-4144-91C0-5E53A202061E}"
EndProject
Project("{9A19103F-16F7-4668-BE54-9A1E7A4F7556}") = "Entities", "Entities\Entities.csproj", "{36B5A62C-1064-4A8E-96DC-2C4746263E14}"
EndProject
Project("{9A19103F-16F7-4668-BE54-9A1E7A4F7556}") = "Core", "Core\Core.csproj", "{0A579E18-2363-41ED-82A1-FB9C33941977}"
EndProject
Project("{9A19103F-16F7-4668-BE54-9A1E7A4F7556}") = "WebAPI", "WebAPI\WebAPI.csproj", "{3BA8D9E0-35F9-42CB-92EF-FA987D08898D}"
EndProject
Global
	GlobalSection(SolutionConfigurationPlatforms) = preSolution
		Debug|Any CPU = Debug|Any CPU
		Release|Any CPU = Release|Any CPU
	EndGlobalSection
	GlobalSection(ProjectConfigurationPlatforms) = postSolution
		{981CD0B1-E3E8-4CC0-9F10-62B16A03B05C}.Debug|Any CPU.ActiveCfg = Debug|Any CPU
		{981CD0B1-E3E8-4CC0-9F10-62B16A03B05C}.Debug|Any CPU.Build.0 = Debug|Any CPU
		{981CD0B1-E3E8-4CC0-9F10-62B16A03B05C}.Release|Any CPU.ActiveCfg = Release|Any CPU
		{981CD0B1-E3E8-4CC0-9F10-62B16A03B05C}.Release|Any CPU.Build.0 = Release|Any CPU
		{F0C97E11-17B6-4144-91C0-5E53A202061E}.Debug|Any CPU.ActiveCfg = Debug|Any CPU
		{F0C97E11-17B6-4144-91C0-5E53A202061E}.Debug|Any CPU.Build.0 = Debug|Any CPU
		{F0C97E11-17B6-4144-91C0-5E53A202061E}.Release|Any CPU.ActiveCfg = Release|Any CPU
		{F0C97E11-17B6-4144-91C0-5E53A202061E}.Release|Any CPU.Build.0 = Release|Any CPU
		{36B5A62C-1064-4A8E-96DC-2C4746263E14}.Debug|Any CPU.ActiveCfg = Debug|Any CPU
		{36B5A62C-1064-4A8E-96DC-2C4746263E14}.Debug|Any CPU.Build.0 = Debug|Any CPU
		{36B5A62C-1064-4A8E-96DC-2C4746263E14}.Release|Any CPU.ActiveCfg = Release|Any CPU
		{36B5A62C-1064-4A8E-96DC-2C4746263E14}.Release|Any CPU.Build.0 = Release|Any CPU
		{0A579E18-2363-41ED-82A1-FB9C33941977}.Debug|Any CPU.ActiveCfg = Debug|Any CPU
		{0A579E18-2363-41ED-82A1-FB9C33941977}.Debug|Any CPU.Build.0 = Debug|Any CPU
		{0A579E18-2363-41ED-82A1-FB9C33941977}.Release|Any CPU.ActiveCfg = Release|Any CPU
		{0A579E18-2363-41ED-82A1-FB9C33941977}.Release|Any CPU.Build.0 = Release|Any CPU
		{3BA8D9E0-35F9-42CB-92EF-FA987D08898D}.Debug|Any CPU.ActiveCfg = Debug|Any CPU
		{3BA8D9E0-35F9-42CB-92EF-FA987D08898D}.Debug|Any CPU.Build.0 = Debug|Any CPU
		{3BA8D9E0-35F9-42CB-92EF-FA987D08898D}.Release|Any CPU.ActiveCfg = Release|Any CPU
		{3BA8D9E0-35F9-42CB-92EF-FA987D08898D}.Release|Any CPU.Build.0 = Release|Any CPU
	EndGlobalSection
	GlobalSection(SolutionProperties) = preSolution
		HideSolutionNode = FALSE
	EndGlobalSection
	GlobalSection(ExtensibilityGlobals) = postSolution
		SolutionGuid = {16AACC9B-B0AE-4441-A30C-F165B9E13D4C}
	EndGlobalSection
EndGlobal
